// !$*UTF8*$!
{
	archiveVersion = 1;
	classes = {
	};
	objectVersion = 46;
	objects = {

/* Begin PBXBuildFile section */
		3007C0B71F3AEF69005F4554 /* AppDelegate.swift in Sources */ = {isa = PBXBuildFile; fileRef = 3007C0B61F3AEF69005F4554 /* AppDelegate.swift */; };
		3007C0B91F3AEF69005F4554 /* ViewController.swift in Sources */ = {isa = PBXBuildFile; fileRef = 3007C0B81F3AEF69005F4554 /* ViewController.swift */; };
		3007C0BC1F3AEF69005F4554 /* Main.storyboard in Resources */ = {isa = PBXBuildFile; fileRef = 3007C0BA1F3AEF69005F4554 /* Main.storyboard */; };
		3007C0BE1F3AEF69005F4554 /* Assets.xcassets in Resources */ = {isa = PBXBuildFile; fileRef = 3007C0BD1F3AEF69005F4554 /* Assets.xcassets */; };
		3007C0C11F3AEF69005F4554 /* LaunchScreen.storyboard in Resources */ = {isa = PBXBuildFile; fileRef = 3007C0BF1F3AEF69005F4554 /* LaunchScreen.storyboard */; };
/* End PBXBuildFile section */

/* Begin PBXFileReference section */
		3007C0B31F3AEF69005F4554 /* SeeFoodv2.app */ = {isa = PBXFileReference; explicitFileType = wrapper.application; includeInIndex = 0; path = SeeFoodv2.app; sourceTree = BUILT_PRODUCTS_DIR; };
		3007C0B61F3AEF69005F4554 /* AppDelegate.swift */ = {isa = PBXFileReference; lastKnownFileType = sourcecode.swift; path = AppDelegate.swift; sourceTree = "<group>"; };
		3007C0B81F3AEF69005F4554 /* ViewController.swift */ = {isa = PBXFileReference; lastKnownFileType = sourcecode.swift; path = ViewController.swift; sourceTree = "<group>"; };
		3007C0BB1F3AEF69005F4554 /* Base */ = {isa = PBXFileReference; lastKnownFileType = file.storyboard; name = Base; path = Base.lproj/Main.storyboard; sourceTree = "<group>"; };
		3007C0BD1F3AEF69005F4554 /* Assets.xcassets */ = {isa = PBXFileReference; lastKnownFileType = folder.assetcatalog; path = Assets.xcassets; sourceTree = "<group>"; };
		3007C0C01F3AEF69005F4554 /* Base */ = {isa = PBXFileReference; lastKnownFileType = file.storyboard; name = Base; path = Base.lproj/LaunchScreen.storyboard; sourceTree = "<group>"; };
		3007C0C21F3AEF69005F4554 /* Info.plist */ = {isa = PBXFileReference; lastKnownFileType = text.plist.xml; path = Info.plist; sourceTree = "<group>"; };
/* End PBXFileReference section */

/* Begin PBXFrameworksBuildPhase section */
		3007C0B01F3AEF69005F4554 /* Frameworks */ = {
			isa = PBXFrameworksBuildPhase;
			buildActionMask = 2147483647;
			files = (
			);
			runOnlyForDeploymentPostprocessing = 0;
		};
/* End PBXFrameworksBuildPhase section */

/* Begin PBXGroup section */
		3007C0AA1F3AEF69005F4554 = {
			isa = PBXGroup;
			children = (
				3007C0B51F3AEF69005F4554 /* SeeFoodv2 */,
				3007C0B41F3AEF69005F4554 /* Products */,
			);
			sourceTree = "<group>";
		};
		3007C0B41F3AEF69005F4554 /* Products */ = {
			isa = PBXGroup;
			children = (
				3007C0B31F3AEF69005F4554 /* SeeFoodv2.app */,
			);
			name = Products;
			sourceTree = "<group>";
		};
		3007C0B51F3AEF69005F4554 /* SeeFoodv2 */ = {
			isa = PBXGroup;
			children = (
				3007C0B61F3AEF69005F4554 /* AppDelegate.swift */,
				3007C0B81F3AEF69005F4554 /* ViewController.swift */,
				3007C0BA1F3AEF69005F4554 /* Main.storyboard */,
				3007C0BD1F3AEF69005F4554 /* Assets.xcassets */,
				3007C0BF1F3AEF69005F4554 /* LaunchScreen.storyboard */,
				3007C0C21F3AEF69005F4554 /* Info.plist */,
			);
			path = SeeFoodv2;
			sourceTree = "<group>";
		};
/* End PBXGroup section */

/* Begin PBXNativeTarget section */
		3007C0B21F3AEF69005F4554 /* SeeFoodv2 */ = {
			isa = PBXNativeTarget;
			buildConfigurationList = 3007C0C51F3AEF69005F4554 /* Build configuration list for PBXNativeTarget "SeeFoodv2" */;
			buildPhases = (
				3007C0AF1F3AEF69005F4554 /* Sources */,
				3007C0B01F3AEF69005F4554 /* Frameworks */,
				3007C0B11F3AEF69005F4554 /* Resources */,
			);
			buildRules = (
			);
			dependencies = (
			);
			name = SeeFoodv2;
			productName = SeeFoodv2;
			productReference = 3007C0B31F3AEF69005F4554 /* SeeFoodv2.app */;
			productType = "com.apple.product-type.application";
		};
/* End PBXNativeTarget section */

/* Begin PBXProject section */
		3007C0AB1F3AEF69005F4554 /* Project object */ = {
			isa = PBXProject;
			attributes = {
				LastSwiftUpdateCheck = 0830;
				LastUpgradeCheck = 0830;
				ORGANIZATIONNAME = "Aidan Aden";
				TargetAttributes = {
					3007C0B21F3AEF69005F4554 = {
						CreatedOnToolsVersion = 8.3.3;
						DevelopmentTeam = T8EK39XC68;
						ProvisioningStyle = Automatic;
					};
				};
			};
			buildConfigurationList = 3007C0AE1F3AEF69005F4554 /* Build configuration list for PBXProject "SeeFoodv2" */;
			compatibilityVersion = "Xcode 3.2";
			developmentRegion = English;
			hasScannedForEncodings = 0;
			knownRegions = (
				en,
				Base,
			);
			mainGroup = 3007C0AA1F3AEF69005F4554;
			productRefGroup = 3007C0B41F3AEF69005F4554 /* Products */;
			projectDirPath = "";
			projectRoot = "";
			targets = (
				3007C0B21F3AEF69005F4554 /* SeeFoodv2 */,
			);
		};
/* End PBXProject section */

/* Begin PBXResourcesBuildPhase section */
		3007C0B11F3AEF69005F4554 /* Resources */ = {
			isa = PBXResourcesBuildPhase;
			buildActionMask = 2147483647;
			files = (
				3007C0C11F3AEF69005F4554 /* LaunchScreen.storyboard in Resources */,
				3007C0BE1F3AEF69005F4554 /* Assets.xcassets in Resources */,
				3007C0BC1F3AEF69005F4554 /* Main.storyboard in Resources */,
			);
			runOnlyForDeploymentPostprocessing = 0;
		};
/* End PBXResourcesBuildPhase section */

/* Begin PBXSourcesBuildPhase section */
		3007C0AF1F3AEF69005F4554 /* Sources */ = {
			isa = PBXSourcesBuildPhase;
			buildActionMask = 2147483647;
			files = (
				3007C0B91F3AEF69005F4554 /* ViewController.swift in Sources */,
				3007C0B71F3AEF69005F4554 /* AppDelegate.swift in Sources */,
			);
			runOnlyForDeploymentPostprocessing = 0;
		};
/* End PBXSourcesBuildPhase section */

/* Begin PBXVariantGroup section */
		3007C0BA1F3AEF69005F4554 /* Main.storyboard */ = {
			isa = PBXVariantGroup;
			children = (
				3007C0BB1F3AEF69005F4554 /* Base */,
			);
			name = Main.storyboard;
			sourceTree = "<group>";
		};
		3007C0BF1F3AEF69005F4554 /* LaunchScreen.storyboard */ = {
			isa = PBXVariantGroup;
			children = (
				3007C0C01F3AEF69005F4554 /* Base */,
			);
			name = LaunchScreen.storyboard;
			sourceTree = "<group>";
		};
/* End PBXVariantGroup section */

/* Begin XCBuildConfiguration section */
		3007C0C31F3AEF69005F4554 /* Debug */ = {
			isa = XCBuildConfiguration;
			buildSettings = {
				ALWAYS_SEARCH_USER_PATHS = NO;
				CLANG_ANALYZER_NONNULL = YES;
				CLANG_ANALYZER_NUMBER_OBJECT_CONVERSION = YES_AGGRESSIVE;
				CLANG_CXX_LANGUAGE_STANDARD = "gnu++0x";
				CLANG_CXX_LIBRARY = "libc++";
				CLANG_ENABLE_MODULES = YES;
				CLANG_ENABLE_OBJC_ARC = YES;
				CLANG_WARN_BOOL_CONVERSION = YES;
				CLANG_WARN_CONSTANT_CONVERSION = YES;
				CLANG_WARN_DIRECT_OBJC_ISA_USAGE = YES_ERROR;
				CLANG_WARN_DOCUMENTATION_COMMENTS = YES;
				CLANG_WARN_EMPTY_BODY = YES;
				CLANG_WARN_ENUM_CONVERSION = YES;
				CLANG_WARN_INFINITE_RECURSION = YES;
				CLANG_WARN_INT_CONVERSION = YES;
				CLANG_WARN_OBJC_ROOT_CLASS = YES_ERROR;
				CLANG_WARN_SUSPICIOUS_MOVE = YES;
				CLANG_WARN_UNREACHABLE_CODE = YES;
				CLANG_WARN__DUPLICATE_METHOD_MATCH = YES;
				"CODE_SIGN_IDENTITY[sdk=iphoneos*]" = "iPhone Developer";
				COPY_PHASE_STRIP = NO;
				DEBUG_INFORMATION_FORMAT = dwarf;
				ENABLE_STRICT_OBJC_MSGSEND = YES;
				ENABLE_TESTABILITY = YES;
				GCC_C_LANGUAGE_STANDARD = gnu99;
				GCC_DYNAMIC_NO_PIC = NO;
				GCC_NO_COMMON_BLOCKS = YES;
				GCC_OPTIMIZATION_LEVEL = 0;
				GCC_PREPROCESSOR_DEFINITIONS = (
					"DEBUG=1",
					"$(inherited)",
				);
				GCC_WARN_64_TO_32_BIT_CONVERSION = YES;
				GCC_WARN_ABOUT_RETURN_TYPE = YES_ERROR;
				GCC_WARN_UNDECLARED_SELECTOR = YES;
				GCC_WARN_UNINITIALIZED_AUTOS = YES_AGGRESSIVE;
				GCC_WARN_UNUSED_FUNCTION = YES;
				GCC_WARN_UNUSED_VARIABLE = YES;
				IPHONEOS_DEPLOYMENT_TARGET = 10.3;
				MTL_ENABLE_DEBUG_INFO = YES;
				ONLY_ACTIVE_ARCH = YES;
				SDKROOT = iphoneos;
				SWIFT_ACTIVE_COMPILATION_CONDITIONS = DEBUG;
				SWIFT_OPTIMIZATION_LEVEL = "-Onone";
			};
			name = Debug;
		};
		3007C0C41F3AEF69005F4554 /* Release */ = {
			isa = XCBuildConfiguration;
			buildSettings = {
				ALWAYS_SEARCH_USER_PATHS = NO;
				CLANG_ANALYZER_NONNULL = YES;
				CLANG_ANALYZER_NUMBER_OBJECT_CONVERSION = YES_AGGRESSIVE;
				CLANG_CXX_LANGUAGE_STANDARD = "gnu++0x";
				CLANG_CXX_LIBRARY = "libc++";
				CLANG_ENABLE_MODULES = YES;
				CLANG_ENABLE_OBJC_ARC = YES;
				CLANG_WARN_BOOL_CONVERSION = YES;
				CLANG_WARN_CONSTANT_CONVERSION = YES;
				CLANG_WARN_DIRECT_OBJC_ISA_USAGE = YES_ERROR;
				CLANG_WARN_DOCUMENTATION_COMMENTS = YES;
				CLANG_WARN_EMPTY_BODY = YES;
				CLANG_WARN_ENUM_CONVERSION = YES;
				CLANG_WARN_INFINITE_RECURSION = YES;
				CLANG_WARN_INT_CONVERSION = YES;
				CLANG_WARN_OBJC_ROOT_CLASS = YES_ERROR;
				CLANG_WARN_SUSPICIOUS_MOVE = YES;
				CLANG_WARN_UNREACHABLE_CODE = YES;
				CLANG_WARN__DUPLICATE_METHOD_MATCH = YES;
				"CODE_SIGN_IDENTITY[sdk=iphoneos*]" = "iPhone Developer";
				COPY_PHASE_STRIP = NO;
				DEBUG_INFORMATION_FORMAT = "dwarf-with-dsym";
				ENABLE_NS_ASSERTIONS = NO;
				ENABLE_STRICT_OBJC_MSGSEND = YES;
				GCC_C_LANGUAGE_STANDARD = gnu99;
				GCC_NO_COMMON_BLOCKS = YES;
				GCC_WARN_64_TO_32_BIT_CONVERSION = YES;
				GCC_WARN_ABOUT_RETURN_TYPE = YES_ERROR;
				GCC_WARN_UNDECLARED_SELECTOR = YES;
				GCC_WARN_UNINITIALIZED_AUTOS = YES_AGGRESSIVE;
				GCC_WARN_UNUSED_FUNCTION = YES;
				GCC_WARN_UNUSED_VARIABLE = YES;
				IPHONEOS_DEPLOYMENT_TARGET = 10.3;
				MTL_ENABLE_DEBUG_INFO = NO;
				SDKROOT = iphoneos;
				SWIFT_OPTIMIZATION_LEVEL = "-Owholemodule";
				VALIDATE_PRODUCT = YES;
			};
			name = Release;
		};
		3007C0C61F3AEF69005F4554 /* Debug */ = {
			isa = XCBuildConfiguration;
			buildSettings = {
				ASSETCATALOG_COMPILER_APPICON_NAME = AppIcon;
				DEVELOPMENT_TEAM = T8EK39XC68;
				INFOPLIST_FILE = SeeFoodv2/Info.plist;
				LD_RUNPATH_SEARCH_PATHS = "$(inherited) @executable_path/Frameworks";
				PRODUCT_BUNDLE_IDENTIFIER = com.aidan.SeeFoodv2;
				PRODUCT_NAME = "$(TARGET_NAME)";
				SWIFT_VERSION = 3.0;
			};
			name = Debug;
		};
		3007C0C71F3AEF69005F4554 /* Release */ = {
			isa = XCBuildConfiguration;
			buildSettings = {
				ASSETCATALOG_COMPILER_APPICON_NAME = AppIcon;
				DEVELOPMENT_TEAM = T8EK39XC68;
				INFOPLIST_FILE = SeeFoodv2/Info.plist;
				LD_RUNPATH_SEARCH_PATHS = "$(inherited) @executable_path/Frameworks";
				PRODUCT_BUNDLE_IDENTIFIER = com.aidan.SeeFoodv2;
				PRODUCT_NAME = "$(TARGET_NAME)";
				SWIFT_VERSION = 3.0;
			};
			name = Release;
		};
/* End XCBuildConfiguration section */

/* Begin XCConfigurationList section */
		3007C0AE1F3AEF69005F4554 /* Build configuration list for PBXProject "SeeFoodv2" */ = {
			isa = XCConfigurationList;
			buildConfigurations = (
				3007C0C31F3AEF69005F4554 /* Debug */,
				3007C0C41F3AEF69005F4554 /* Release */,
			);
			defaultConfigurationIsVisible = 0;
			defaultConfigurationName = Release;
		};
		3007C0C51F3AEF69005F4554 /* Build configuration list for PBXNativeTarget "SeeFoodv2" */ = {
			isa = XCConfigurationList;
			buildConfigurations = (
				3007C0C61F3AEF69005F4554 /* Debug */,
				3007C0C71F3AEF69005F4554 /* Release */,
			);
			defaultConfigurationIsVisible = 0;
		};
/* End XCConfigurationList section */
	};
	rootObject = 3007C0AB1F3AEF69005F4554 /* Project object */;
}
